
Microsoft Visual Studio Solution File, Format Version 12.00
# Visual Studio 15
VisualStudioVersion = 15.0.28307.168
MinimumVisualStudioVersion = 10.0.40219.1
Project("{8BC9CEB8-8B4A-11D0-8D11-00A0C91BC942}") = "CS32Homework1", "CS32Homework1\CS32Homework1.vcxproj", "{C2F2B76F-9A6D-453D-8ED9-886D186E0B8B}"
EndProject
Project("{8BC9CEB8-8B4A-11D0-8D11-00A0C91BC942}") = "NewSet", "NewSet\NewSet.vcxproj", "{9EC78F6D-5F32-461C-B0C3-C8B88C7915C5}"
EndProject
Global
	GlobalSection(SolutionConfigurationPlatforms) = preSolution
		Debug|x64 = Debug|x64
		Debug|x86 = Debug|x86
		Release|x64 = Release|x64
		Release|x86 = Release|x86
	EndGlobalSection
	GlobalSection(ProjectConfigurationPlatforms) = postSolution
		{C2F2B76F-9A6D-453D-8ED9-886D186E0B8B}.Debug|x64.ActiveCfg = Debug|x64
		{C2F2B76F-9A6D-453D-8ED9-886D186E0B8B}.Debug|x64.Build.0 = Debug|x64
		{C2F2B76F-9A6D-453D-8ED9-886D186E0B8B}.Debug|x86.ActiveCfg = Debug|Win32
		{C2F2B76F-9A6D-453D-8ED9-886D186E0B8B}.Debug|x86.Build.0 = Debug|Win32
		{C2F2B76F-9A6D-453D-8ED9-886D186E0B8B}.Release|x64.ActiveCfg = Release|x64
		{C2F2B76F-9A6D-453D-8ED9-886D186E0B8B}.Release|x64.Build.0 = Release|x64
		{C2F2B76F-9A6D-453D-8ED9-886D186E0B8B}.Release|x86.ActiveCfg = Release|Win32
		{C2F2B76F-9A6D-453D-8ED9-886D186E0B8B}.Release|x86.Build.0 = Release|Win32
		{9EC78F6D-5F32-461C-B0C3-C8B88C7915C5}.Debug|x64.ActiveCfg = Debug|x64
		{9EC78F6D-5F32-461C-B0C3-C8B88C7915C5}.Debug|x64.Build.0 = Debug|x64
		{9EC78F6D-5F32-461C-B0C3-C8B88C7915C5}.Debug|x86.ActiveCfg = Debug|Win32
		{9EC78F6D-5F32-461C-B0C3-C8B88C7915C5}.Debug|x86.Build.0 = Debug|Win32
		{9EC78F6D-5F32-461C-B0C3-C8B88C7915C5}.Release|x64.ActiveCfg = Release|x64
		{9EC78F6D-5F32-461C-B0C3-C8B88C7915C5}.Release|x64.Build.0 = Release|x64
		{9EC78F6D-5F32-461C-B0C3-C8B88C7915C5}.Release|x86.ActiveCfg = Release|Win32
		{9EC78F6D-5F32-461C-B0C3-C8B88C7915C5}.Release|x86.Build.0 = Release|Win32
	EndGlobalSection
	GlobalSection(SolutionProperties) = preSolution
		HideSolutionNode = FALSE
	EndGlobalSection
	GlobalSection(ExtensibilityGlobals) = postSolution
		SolutionGuid = {DC410D83-13EB-4571-B9BE-2E079C8B38A1}
	EndGlobalSection
EndGlobal
